// !$*UTF8*$!
{
	archiveVersion = 1;
	classes = {
	};
	objectVersion = 50;
	objects = {

/* Begin PBXBuildFile section */
		4C8EFBBB26641262009274B2 /* MainHeaderView.swift in Sources */ = {isa = PBXBuildFile; fileRef = 4C8EFBBA26641262009274B2 /* MainHeaderView.swift */; };
		4C8EFBBD266415E9009274B2 /* MainRecipeSection.swift in Sources */ = {isa = PBXBuildFile; fileRef = 4C8EFBBC266415E9009274B2 /* MainRecipeSection.swift */; };
		4C9F198126615EE500D2CB99 /* RecipeMock.swift in Sources */ = {isa = PBXBuildFile; fileRef = 4C9F198026615EE500D2CB99 /* RecipeMock.swift */; };
		4C9F19832661664600D2CB99 /* MainCardView.swift in Sources */ = {isa = PBXBuildFile; fileRef = 4C9F19822661664600D2CB99 /* MainCardView.swift */; };
		4C9F198526617CE100D2CB99 /* RecipeHeaderView.swift in Sources */ = {isa = PBXBuildFile; fileRef = 4C9F198426617CE100D2CB99 /* RecipeHeaderView.swift */; };
		4C9F1989266189C100D2CB99 /* RecipeInfoView.swift in Sources */ = {isa = PBXBuildFile; fileRef = 4C9F1988266189C100D2CB99 /* RecipeInfoView.swift */; };
		4C9F198B2661C4C500D2CB99 /* Utils.swift in Sources */ = {isa = PBXBuildFile; fileRef = 4C9F198A2661C4C500D2CB99 /* Utils.swift */; };
		4CBBBD8D2662A3730006BE44 /* MainView.swift in Sources */ = {isa = PBXBuildFile; fileRef = 4CBBBD8C2662A3730006BE44 /* MainView.swift */; };
		4CBE97F926611C9900392206 /* Challenge3App.swift in Sources */ = {isa = PBXBuildFile; fileRef = 4CBE97F826611C9900392206 /* Challenge3App.swift */; };
		4CBE97FB26611C9900392206 /* ContentView.swift in Sources */ = {isa = PBXBuildFile; fileRef = 4CBE97FA26611C9900392206 /* ContentView.swift */; };
		4CBE97FD26611C9B00392206 /* Assets.xcassets in Resources */ = {isa = PBXBuildFile; fileRef = 4CBE97FC26611C9B00392206 /* Assets.xcassets */; };
		4CBE980026611C9B00392206 /* Preview Assets.xcassets in Resources */ = {isa = PBXBuildFile; fileRef = 4CBE97FF26611C9B00392206 /* Preview Assets.xcassets */; };
		4CBE980826611F8D00392206 /* RecipeView.swift in Sources */ = {isa = PBXBuildFile; fileRef = 4CBE980726611F8D00392206 /* RecipeView.swift */; };
		4CBE980C2661244C00392206 /* MainSearchBarView.swift in Sources */ = {isa = PBXBuildFile; fileRef = 4CBE980B2661244C00392206 /* MainSearchBarView.swift */; };
		4CBE980E26612F1A00392206 /* RecipeSectionView.swift in Sources */ = {isa = PBXBuildFile; fileRef = 4CBE980D26612F1A00392206 /* RecipeSectionView.swift */; };
/* End PBXBuildFile section */

/* Begin PBXFileReference section */
		4C8EFBBA26641262009274B2 /* MainHeaderView.swift */ = {isa = PBXFileReference; lastKnownFileType = sourcecode.swift; path = MainHeaderView.swift; sourceTree = "<group>"; };
		4C8EFBBC266415E9009274B2 /* MainRecipeSection.swift */ = {isa = PBXFileReference; lastKnownFileType = sourcecode.swift; path = MainRecipeSection.swift; sourceTree = "<group>"; };
		4C9F198026615EE500D2CB99 /* RecipeMock.swift */ = {isa = PBXFileReference; lastKnownFileType = sourcecode.swift; path = RecipeMock.swift; sourceTree = "<group>"; };
		4C9F19822661664600D2CB99 /* MainCardView.swift */ = {isa = PBXFileReference; lastKnownFileType = sourcecode.swift; path = MainCardView.swift; sourceTree = "<group>"; };
		4C9F198426617CE100D2CB99 /* RecipeHeaderView.swift */ = {isa = PBXFileReference; lastKnownFileType = sourcecode.swift; path = RecipeHeaderView.swift; sourceTree = "<group>"; };
		4C9F1988266189C100D2CB99 /* RecipeInfoView.swift */ = {isa = PBXFileReference; lastKnownFileType = sourcecode.swift; path = RecipeInfoView.swift; sourceTree = "<group>"; };
		4C9F198A2661C4C500D2CB99 /* Utils.swift */ = {isa = PBXFileReference; lastKnownFileType = sourcecode.swift; path = Utils.swift; sourceTree = "<group>"; };
		4CBBBD8C2662A3730006BE44 /* MainView.swift */ = {isa = PBXFileReference; lastKnownFileType = sourcecode.swift; path = MainView.swift; sourceTree = "<group>"; };
		4CBE97F526611C9900392206 /* Challenge3.app */ = {isa = PBXFileReference; explicitFileType = wrapper.application; includeInIndex = 0; path = Challenge3.app; sourceTree = BUILT_PRODUCTS_DIR; };
		4CBE97F826611C9900392206 /* Challenge3App.swift */ = {isa = PBXFileReference; lastKnownFileType = sourcecode.swift; path = Challenge3App.swift; sourceTree = "<group>"; };
		4CBE97FA26611C9900392206 /* ContentView.swift */ = {isa = PBXFileReference; lastKnownFileType = sourcecode.swift; path = ContentView.swift; sourceTree = "<group>"; };
		4CBE97FC26611C9B00392206 /* Assets.xcassets */ = {isa = PBXFileReference; lastKnownFileType = folder.assetcatalog; path = Assets.xcassets; sourceTree = "<group>"; };
		4CBE97FF26611C9B00392206 /* Preview Assets.xcassets */ = {isa = PBXFileReference; lastKnownFileType = folder.assetcatalog; path = "Preview Assets.xcassets"; sourceTree = "<group>"; };
		4CBE980126611C9B00392206 /* Info.plist */ = {isa = PBXFileReference; lastKnownFileType = text.plist.xml; path = Info.plist; sourceTree = "<group>"; };
		4CBE980726611F8D00392206 /* RecipeView.swift */ = {isa = PBXFileReference; lastKnownFileType = sourcecode.swift; path = RecipeView.swift; sourceTree = "<group>"; };
		4CBE980B2661244C00392206 /* MainSearchBarView.swift */ = {isa = PBXFileReference; lastKnownFileType = sourcecode.swift; path = MainSearchBarView.swift; sourceTree = "<group>"; };
		4CBE980D26612F1A00392206 /* RecipeSectionView.swift */ = {isa = PBXFileReference; lastKnownFileType = sourcecode.swift; path = RecipeSectionView.swift; sourceTree = "<group>"; };
/* End PBXFileReference section */

/* Begin PBXFrameworksBuildPhase section */
		4CBE97F226611C9900392206 /* Frameworks */ = {
			isa = PBXFrameworksBuildPhase;
			buildActionMask = 2147483647;
			files = (
			);
			runOnlyForDeploymentPostprocessing = 0;
		};
/* End PBXFrameworksBuildPhase section */

/* Begin PBXGroup section */
		4C9F197F26615E9E00D2CB99 /* Fixtures */ = {
			isa = PBXGroup;
			children = (
				4C9F198026615EE500D2CB99 /* RecipeMock.swift */,
			);
			path = Fixtures;
			sourceTree = "<group>";
		};
		4C9F19862661885600D2CB99 /* Recipes */ = {
			isa = PBXGroup;
			children = (
				4CBE980726611F8D00392206 /* RecipeView.swift */,
				4C9F198426617CE100D2CB99 /* RecipeHeaderView.swift */,
				4C9F1988266189C100D2CB99 /* RecipeInfoView.swift */,
				4CBE980D26612F1A00392206 /* RecipeSectionView.swift */,
			);
			path = Recipes;
			sourceTree = "<group>";
		};
		4C9F19872661887700D2CB99 /* Main */ = {
			isa = PBXGroup;
			children = (
				4CBBBD8C2662A3730006BE44 /* MainView.swift */,
				4C9F19822661664600D2CB99 /* MainCardView.swift */,
				4CBE980B2661244C00392206 /* MainSearchBarView.swift */,
				4C8EFBBA26641262009274B2 /* MainHeaderView.swift */,
				4C8EFBBC266415E9009274B2 /* MainRecipeSection.swift */,
			);
			path = Main;
			sourceTree = "<group>";
		};
		4CBE97EC26611C9900392206 = {
			isa = PBXGroup;
			children = (
				4CBE97F726611C9900392206 /* Challenge3 */,
				4CBE97F626611C9900392206 /* Products */,
			);
			sourceTree = "<group>";
		};
		4CBE97F626611C9900392206 /* Products */ = {
			isa = PBXGroup;
			children = (
				4CBE97F526611C9900392206 /* Challenge3.app */,
			);
			name = Products;
			sourceTree = "<group>";
		};
		4CBE97F726611C9900392206 /* Challenge3 */ = {
			isa = PBXGroup;
			children = (
				4C9F197F26615E9E00D2CB99 /* Fixtures */,
				4CBE97F826611C9900392206 /* Challenge3App.swift */,
				4CBE97FA26611C9900392206 /* ContentView.swift */,
				4C9F19872661887700D2CB99 /* Main */,
				4C9F19862661885600D2CB99 /* Recipes */,
				4CBE97FC26611C9B00392206 /* Assets.xcassets */,
				4CBE980126611C9B00392206 /* Info.plist */,
				4CBE97FE26611C9B00392206 /* Preview Content */,
				4C9F198A2661C4C500D2CB99 /* Utils.swift */,
			);
			path = Challenge3;
			sourceTree = "<group>";
		};
		4CBE97FE26611C9B00392206 /* Preview Content */ = {
			isa = PBXGroup;
			children = (
				4CBE97FF26611C9B00392206 /* Preview Assets.xcassets */,
			);
			path = "Preview Content";
			sourceTree = "<group>";
		};
/* End PBXGroup section */

/* Begin PBXNativeTarget section */
		4CBE97F426611C9900392206 /* Challenge3 */ = {
			isa = PBXNativeTarget;
			buildConfigurationList = 4CBE980426611C9B00392206 /* Build configuration list for PBXNativeTarget "Challenge3" */;
			buildPhases = (
				4CBE97F126611C9900392206 /* Sources */,
				4CBE97F226611C9900392206 /* Frameworks */,
				4CBE97F326611C9900392206 /* Resources */,
			);
			buildRules = (
			);
			dependencies = (
			);
			name = Challenge3;
			productName = Challenge3;
			productReference = 4CBE97F526611C9900392206 /* Challenge3.app */;
			productType = "com.apple.product-type.application";
		};
/* End PBXNativeTarget section */

/* Begin PBXProject section */
		4CBE97ED26611C9900392206 /* Project object */ = {
			isa = PBXProject;
			attributes = {
				LastSwiftUpdateCheck = 1250;
				LastUpgradeCheck = 1250;
				TargetAttributes = {
					4CBE97F426611C9900392206 = {
						CreatedOnToolsVersion = 12.5;
					};
				};
			};
			buildConfigurationList = 4CBE97F026611C9900392206 /* Build configuration list for PBXProject "Challenge3" */;
			compatibilityVersion = "Xcode 9.3";
			developmentRegion = en;
			hasScannedForEncodings = 0;
			knownRegions = (
				en,
				Base,
			);
			mainGroup = 4CBE97EC26611C9900392206;
			productRefGroup = 4CBE97F626611C9900392206 /* Products */;
			projectDirPath = "";
			projectRoot = "";
			targets = (
				4CBE97F426611C9900392206 /* Challenge3 */,
			);
		};
/* End PBXProject section */

/* Begin PBXResourcesBuildPhase section */
		4CBE97F326611C9900392206 /* Resources */ = {
			isa = PBXResourcesBuildPhase;
			buildActionMask = 2147483647;
			files = (
				4CBE980026611C9B00392206 /* Preview Assets.xcassets in Resources */,
				4CBE97FD26611C9B00392206 /* Assets.xcassets in Resources */,
			);
			runOnlyForDeploymentPostprocessing = 0;
		};
/* End PBXResourcesBuildPhase section */

/* Begin PBXSourcesBuildPhase section */
		4CBE97F126611C9900392206 /* Sources */ = {
			isa = PBXSourcesBuildPhase;
			buildActionMask = 2147483647;
			files = (
				4C8EFBBD266415E9009274B2 /* MainRecipeSection.swift in Sources */,
				4C9F19832661664600D2CB99 /* MainCardView.swift in Sources */,
				4CBE980C2661244C00392206 /* MainSearchBarView.swift in Sources */,
				4CBE980826611F8D00392206 /* RecipeView.swift in Sources */,
				4CBE980E26612F1A00392206 /* RecipeSectionView.swift in Sources */,
				4C8EFBBB26641262009274B2 /* MainHeaderView.swift in Sources */,
				4C9F198126615EE500D2CB99 /* RecipeMock.swift in Sources */,
				4C9F198B2661C4C500D2CB99 /* Utils.swift in Sources */,
				4CBE97FB26611C9900392206 /* ContentView.swift in Sources */,
				4CBBBD8D2662A3730006BE44 /* MainView.swift in Sources */,
				4CBE97F926611C9900392206 /* Challenge3App.swift in Sources */,
				4C9F1989266189C100D2CB99 /* RecipeInfoView.swift in Sources */,
				4C9F198526617CE100D2CB99 /* RecipeHeaderView.swift in Sources */,
			);
			runOnlyForDeploymentPostprocessing = 0;
		};
/* End PBXSourcesBuildPhase section */

/* Begin XCBuildConfiguration section */
		4CBE980226611C9B00392206 /* Debug */ = {
			isa = XCBuildConfiguration;
			buildSettings = {
				ALWAYS_SEARCH_USER_PATHS = NO;
				CLANG_ANALYZER_NONNULL = YES;
				CLANG_ANALYZER_NUMBER_OBJECT_CONVERSION = YES_AGGRESSIVE;
				CLANG_CXX_LANGUAGE_STANDARD = "gnu++14";
				CLANG_CXX_LIBRARY = "libc++";
				CLANG_ENABLE_MODULES = YES;
				CLANG_ENABLE_OBJC_ARC = YES;
				CLANG_ENABLE_OBJC_WEAK = YES;
				CLANG_WARN_BLOCK_CAPTURE_AUTORELEASING = YES;
				CLANG_WARN_BOOL_CONVERSION = YES;
				CLANG_WARN_COMMA = YES;
				CLANG_WARN_CONSTANT_CONVERSION = YES;
				CLANG_WARN_DEPRECATED_OBJC_IMPLEMENTATIONS = YES;
				CLANG_WARN_DIRECT_OBJC_ISA_USAGE = YES_ERROR;
				CLANG_WARN_DOCUMENTATION_COMMENTS = YES;
				CLANG_WARN_EMPTY_BODY = YES;
				CLANG_WARN_ENUM_CONVERSION = YES;
				CLANG_WARN_INFINITE_RECURSION = YES;
				CLANG_WARN_INT_CONVERSION = YES;
				CLANG_WARN_NON_LITERAL_NULL_CONVERSION = YES;
				CLANG_WARN_OBJC_IMPLICIT_RETAIN_SELF = YES;
				CLANG_WARN_OBJC_LITERAL_CONVERSION = YES;
				CLANG_WARN_OBJC_ROOT_CLASS = YES_ERROR;
				CLANG_WARN_QUOTED_INCLUDE_IN_FRAMEWORK_HEADER = YES;
				CLANG_WARN_RANGE_LOOP_ANALYSIS = YES;
				CLANG_WARN_STRICT_PROTOTYPES = YES;
				CLANG_WARN_SUSPICIOUS_MOVE = YES;
				CLANG_WARN_UNGUARDED_AVAILABILITY = YES_AGGRESSIVE;
				CLANG_WARN_UNREACHABLE_CODE = YES;
				CLANG_WARN__DUPLICATE_METHOD_MATCH = YES;
				COPY_PHASE_STRIP = NO;
				DEBUG_INFORMATION_FORMAT = dwarf;
				ENABLE_STRICT_OBJC_MSGSEND = YES;
				ENABLE_TESTABILITY = YES;
				GCC_C_LANGUAGE_STANDARD = gnu11;
				GCC_DYNAMIC_NO_PIC = NO;
				GCC_NO_COMMON_BLOCKS = YES;
				GCC_OPTIMIZATION_LEVEL = 0;
				GCC_PREPROCESSOR_DEFINITIONS = (
					"DEBUG=1",
					"$(inherited)",
				);
				GCC_WARN_64_TO_32_BIT_CONVERSION = YES;
				GCC_WARN_ABOUT_RETURN_TYPE = YES_ERROR;
				GCC_WARN_UNDECLARED_SELECTOR = YES;
				GCC_WARN_UNINITIALIZED_AUTOS = YES_AGGRESSIVE;
				GCC_WARN_UNUSED_FUNCTION = YES;
				GCC_WARN_UNUSED_VARIABLE = YES;
				IPHONEOS_DEPLOYMENT_TARGET = 14.5;
				MTL_ENABLE_DEBUG_INFO = INCLUDE_SOURCE;
				MTL_FAST_MATH = YES;
				ONLY_ACTIVE_ARCH = YES;
				SDKROOT = iphoneos;
				SWIFT_ACTIVE_COMPILATION_CONDITIONS = DEBUG;
				SWIFT_OPTIMIZATION_LEVEL = "-Onone";
			};
			name = Debug;
		};
		4CBE980326611C9B00392206 /* Release */ = {
			isa = XCBuildConfiguration;
			buildSettings = {
				ALWAYS_SEARCH_USER_PATHS = NO;
				CLANG_ANALYZER_NONNULL = YES;
				CLANG_ANALYZER_NUMBER_OBJECT_CONVERSION = YES_AGGRESSIVE;
				CLANG_CXX_LANGUAGE_STANDARD = "gnu++14";
				CLANG_CXX_LIBRARY = "libc++";
				CLANG_ENABLE_MODULES = YES;
				CLANG_ENABLE_OBJC_ARC = YES;
				CLANG_ENABLE_OBJC_WEAK = YES;
				CLANG_WARN_BLOCK_CAPTURE_AUTORELEASING = YES;
				CLANG_WARN_BOOL_CONVERSION = YES;
				CLANG_WARN_COMMA = YES;
				CLANG_WARN_CONSTANT_CONVERSION = YES;
				CLANG_WARN_DEPRECATED_OBJC_IMPLEMENTATIONS = YES;
				CLANG_WARN_DIRECT_OBJC_ISA_USAGE = YES_ERROR;
				CLANG_WARN_DOCUMENTATION_COMMENTS = YES;
				CLANG_WARN_EMPTY_BODY = YES;
				CLANG_WARN_ENUM_CONVERSION = YES;
				CLANG_WARN_INFINITE_RECURSION = YES;
				CLANG_WARN_INT_CONVERSION = YES;
				CLANG_WARN_NON_LITERAL_NULL_CONVERSION = YES;
				CLANG_WARN_OBJC_IMPLICIT_RETAIN_SELF = YES;
				CLANG_WARN_OBJC_LITERAL_CONVERSION = YES;
				CLANG_WARN_OBJC_ROOT_CLASS = YES_ERROR;
				CLANG_WARN_QUOTED_INCLUDE_IN_FRAMEWORK_HEADER = YES;
				CLANG_WARN_RANGE_LOOP_ANALYSIS = YES;
				CLANG_WARN_STRICT_PROTOTYPES = YES;
				CLANG_WARN_SUSPICIOUS_MOVE = YES;
				CLANG_WARN_UNGUARDED_AVAILABILITY = YES_AGGRESSIVE;
				CLANG_WARN_UNREACHABLE_CODE = YES;
				CLANG_WARN__DUPLICATE_METHOD_MATCH = YES;
				COPY_PHASE_STRIP = NO;
				DEBUG_INFORMATION_FORMAT = "dwarf-with-dsym";
				ENABLE_NS_ASSERTIONS = NO;
				ENABLE_STRICT_OBJC_MSGSEND = YES;
				GCC_C_LANGUAGE_STANDARD = gnu11;
				GCC_NO_COMMON_BLOCKS = YES;
				GCC_WARN_64_TO_32_BIT_CONVERSION = YES;
				GCC_WARN_ABOUT_RETURN_TYPE = YES_ERROR;
				GCC_WARN_UNDECLARED_SELECTOR = YES;
				GCC_WARN_UNINITIALIZED_AUTOS = YES_AGGRESSIVE;
				GCC_WARN_UNUSED_FUNCTION = YES;
				GCC_WARN_UNUSED_VARIABLE = YES;
				IPHONEOS_DEPLOYMENT_TARGET = 14.5;
				MTL_ENABLE_DEBUG_INFO = NO;
				MTL_FAST_MATH = YES;
				SDKROOT = iphoneos;
				SWIFT_COMPILATION_MODE = wholemodule;
				SWIFT_OPTIMIZATION_LEVEL = "-O";
				VALIDATE_PRODUCT = YES;
			};
			name = Release;
		};
		4CBE980526611C9B00392206 /* Debug */ = {
			isa = XCBuildConfiguration;
			buildSettings = {
				ASSETCATALOG_COMPILER_APPICON_NAME = AppIcon;
				ASSETCATALOG_COMPILER_GLOBAL_ACCENT_COLOR_NAME = AccentColor;
				CODE_SIGN_STYLE = Automatic;
				DEVELOPMENT_ASSET_PATHS = "\"Challenge3/Preview Content\"";
				DEVELOPMENT_TEAM = H7BM7N56V5;
				ENABLE_PREVIEWS = YES;
				INFOPLIST_FILE = Challenge3/Info.plist;
				IPHONEOS_DEPLOYMENT_TARGET = 14.0;
				LD_RUNPATH_SEARCH_PATHS = (
					"$(inherited)",
					"@executable_path/Frameworks",
				);
				PRODUCT_BUNDLE_IDENTIFIER = vcoutasso.Challenge3;
				PRODUCT_NAME = "$(TARGET_NAME)";
				SWIFT_VERSION = 5.0;
				TARGETED_DEVICE_FAMILY = "1,2";
			};
			name = Debug;
		};
		4CBE980626611C9B00392206 /* Release */ = {
			isa = XCBuildConfiguration;
			buildSettings = {
				ASSETCATALOG_COMPILER_APPICON_NAME = AppIcon;
				ASSETCATALOG_COMPILER_GLOBAL_ACCENT_COLOR_NAME = AccentColor;
				CODE_SIGN_STYLE = Automatic;
				DEVELOPMENT_ASSET_PATHS = "\"Challenge3/Preview Content\"";
				DEVELOPMENT_TEAM = H7BM7N56V5;
				ENABLE_PREVIEWS = YES;
				INFOPLIST_FILE = Challenge3/Info.plist;
				IPHONEOS_DEPLOYMENT_TARGET = 14.0;
				LD_RUNPATH_SEARCH_PATHS = (
					"$(inherited)",
					"@executable_path/Frameworks",
				);
				PRODUCT_BUNDLE_IDENTIFIER = vcoutasso.Challenge3;
				PRODUCT_NAME = "$(TARGET_NAME)";
				SWIFT_VERSION = 5.0;
				TARGETED_DEVICE_FAMILY = "1,2";
			};
			name = Release;
		};
/* End XCBuildConfiguration section */

/* Begin XCConfigurationList section */
		4CBE97F026611C9900392206 /* Build configuration list for PBXProject "Challenge3" */ = {
			isa = XCConfigurationList;
			buildConfigurations = (
				4CBE980226611C9B00392206 /* Debug */,
				4CBE980326611C9B00392206 /* Release */,
			);
			defaultConfigurationIsVisible = 0;
			defaultConfigurationName = Release;
		};
		4CBE980426611C9B00392206 /* Build configuration list for PBXNativeTarget "Challenge3" */ = {
			isa = XCConfigurationList;
			buildConfigurations = (
				4CBE980526611C9B00392206 /* Debug */,
				4CBE980626611C9B00392206 /* Release */,
			);
			defaultConfigurationIsVisible = 0;
			defaultConfigurationName = Release;
		};
/* End XCConfigurationList section */
	};
	rootObject = 4CBE97ED26611C9900392206 /* Project object */;
}
