// !$*UTF8*$!
{
	archiveVersion = 1;
	classes = {
	};
	objectVersion = 50;
	objects = {

/* Begin PBXBuildFile section */
		4C8EFBCB266428E5009274B2 /* ChallengeApp.swift in Sources */ = {isa = PBXBuildFile; fileRef = 4C8EFBCA266428E5009274B2 /* ChallengeApp.swift */; };
		4C8EFBCD266428E5009274B2 /* ContentView.swift in Sources */ = {isa = PBXBuildFile; fileRef = 4C8EFBCC266428E5009274B2 /* ContentView.swift */; };
		4C8EFBCF266428E7009274B2 /* Assets.xcassets in Resources */ = {isa = PBXBuildFile; fileRef = 4C8EFBCE266428E7009274B2 /* Assets.xcassets */; };
		4C8EFBD2266428E7009274B2 /* Preview Assets.xcassets in Resources */ = {isa = PBXBuildFile; fileRef = 4C8EFBD1266428E7009274B2 /* Preview Assets.xcassets */; };
		4C8EFBDB26642C90009274B2 /* ListView.swift in Sources */ = {isa = PBXBuildFile; fileRef = 4C8EFBDA26642C90009274B2 /* ListView.swift */; };
		4C8EFBDD26642D61009274B2 /* Fruit.swift in Sources */ = {isa = PBXBuildFile; fileRef = 4C8EFBDC26642D61009274B2 /* Fruit.swift */; };
		4C8EFBDF26642E11009274B2 /* Vitamin.swift in Sources */ = {isa = PBXBuildFile; fileRef = 4C8EFBDE26642E11009274B2 /* Vitamin.swift */; };
		4C8EFBE426643266009274B2 /* FruitMock.swift in Sources */ = {isa = PBXBuildFile; fileRef = 4C8EFBE326643266009274B2 /* FruitMock.swift */; };
		4C8EFBE72664398E009274B2 /* FruitInfoView.swift in Sources */ = {isa = PBXBuildFile; fileRef = 4C8EFBE62664398E009274B2 /* FruitInfoView.swift */; };
		4C9AC0902667D4A40051C486 /* FruitData.swift in Sources */ = {isa = PBXBuildFile; fileRef = 4C9AC08F2667D4A40051C486 /* FruitData.swift */; };
		4C9AC099266803FD0051C486 /* ContentViewModel.swift in Sources */ = {isa = PBXBuildFile; fileRef = 4C9AC098266803FD0051C486 /* ContentViewModel.swift */; };
		4C9AC09B266804890051C486 /* FruitService.swift in Sources */ = {isa = PBXBuildFile; fileRef = 4C9AC09A266804890051C486 /* FruitService.swift */; };
		4C9AC09D266804A80051C486 /* DataError.swift in Sources */ = {isa = PBXBuildFile; fileRef = 4C9AC09C266804A80051C486 /* DataError.swift */; };
		4C9AC0A4266812B50051C486 /* OnboardingView.swift in Sources */ = {isa = PBXBuildFile; fileRef = 4C9AC0A3266812B50051C486 /* OnboardingView.swift */; };
		4C9AC0A82668201C0051C486 /* PageTabView.swift in Sources */ = {isa = PBXBuildFile; fileRef = 4C9AC0A72668201C0051C486 /* PageTabView.swift */; };
		4C9AC0AA266823B00051C486 /* ButtonView.swift in Sources */ = {isa = PBXBuildFile; fileRef = 4C9AC0A9266823B00051C486 /* ButtonView.swift */; };
/* End PBXBuildFile section */

/* Begin PBXFileReference section */
		4C8EFBC7266428E5009274B2 /* Challenge.app */ = {isa = PBXFileReference; explicitFileType = wrapper.application; includeInIndex = 0; path = Challenge.app; sourceTree = BUILT_PRODUCTS_DIR; };
		4C8EFBCA266428E5009274B2 /* ChallengeApp.swift */ = {isa = PBXFileReference; lastKnownFileType = sourcecode.swift; path = ChallengeApp.swift; sourceTree = "<group>"; };
		4C8EFBCC266428E5009274B2 /* ContentView.swift */ = {isa = PBXFileReference; lastKnownFileType = sourcecode.swift; path = ContentView.swift; sourceTree = "<group>"; };
		4C8EFBCE266428E7009274B2 /* Assets.xcassets */ = {isa = PBXFileReference; lastKnownFileType = folder.assetcatalog; path = Assets.xcassets; sourceTree = "<group>"; };
		4C8EFBD1266428E7009274B2 /* Preview Assets.xcassets */ = {isa = PBXFileReference; lastKnownFileType = folder.assetcatalog; path = "Preview Assets.xcassets"; sourceTree = "<group>"; };
		4C8EFBD3266428E7009274B2 /* Info.plist */ = {isa = PBXFileReference; lastKnownFileType = text.plist.xml; path = Info.plist; sourceTree = "<group>"; };
		4C8EFBDA26642C90009274B2 /* ListView.swift */ = {isa = PBXFileReference; lastKnownFileType = sourcecode.swift; path = ListView.swift; sourceTree = "<group>"; };
		4C8EFBDC26642D61009274B2 /* Fruit.swift */ = {isa = PBXFileReference; lastKnownFileType = sourcecode.swift; path = Fruit.swift; sourceTree = "<group>"; };
		4C8EFBDE26642E11009274B2 /* Vitamin.swift */ = {isa = PBXFileReference; lastKnownFileType = sourcecode.swift; path = Vitamin.swift; sourceTree = "<group>"; };
		4C8EFBE326643266009274B2 /* FruitMock.swift */ = {isa = PBXFileReference; lastKnownFileType = sourcecode.swift; path = FruitMock.swift; sourceTree = "<group>"; };
		4C8EFBE62664398E009274B2 /* FruitInfoView.swift */ = {isa = PBXFileReference; lastKnownFileType = sourcecode.swift; path = FruitInfoView.swift; sourceTree = "<group>"; };
		4C9AC08F2667D4A40051C486 /* FruitData.swift */ = {isa = PBXFileReference; lastKnownFileType = sourcecode.swift; path = FruitData.swift; sourceTree = "<group>"; };
		4C9AC098266803FD0051C486 /* ContentViewModel.swift */ = {isa = PBXFileReference; lastKnownFileType = sourcecode.swift; path = ContentViewModel.swift; sourceTree = "<group>"; };
		4C9AC09A266804890051C486 /* FruitService.swift */ = {isa = PBXFileReference; lastKnownFileType = sourcecode.swift; path = FruitService.swift; sourceTree = "<group>"; };
		4C9AC09C266804A80051C486 /* DataError.swift */ = {isa = PBXFileReference; lastKnownFileType = sourcecode.swift; path = DataError.swift; sourceTree = "<group>"; };
		4C9AC0A3266812B50051C486 /* OnboardingView.swift */ = {isa = PBXFileReference; lastKnownFileType = sourcecode.swift; path = OnboardingView.swift; sourceTree = "<group>"; };
		4C9AC0A72668201C0051C486 /* PageTabView.swift */ = {isa = PBXFileReference; lastKnownFileType = sourcecode.swift; path = PageTabView.swift; sourceTree = "<group>"; };
		4C9AC0A9266823B00051C486 /* ButtonView.swift */ = {isa = PBXFileReference; lastKnownFileType = sourcecode.swift; path = ButtonView.swift; sourceTree = "<group>"; };
/* End PBXFileReference section */

/* Begin PBXFrameworksBuildPhase section */
		4C8EFBC4266428E5009274B2 /* Frameworks */ = {
			isa = PBXFrameworksBuildPhase;
			buildActionMask = 2147483647;
			files = (
			);
			runOnlyForDeploymentPostprocessing = 0;
		};
/* End PBXFrameworksBuildPhase section */

/* Begin PBXGroup section */
		4C8EFBBE266428E5009274B2 = {
			isa = PBXGroup;
			children = (
				4C8EFBC9266428E5009274B2 /* Challenge */,
				4C8EFBC8266428E5009274B2 /* Products */,
			);
			sourceTree = "<group>";
		};
		4C8EFBC8266428E5009274B2 /* Products */ = {
			isa = PBXGroup;
			children = (
				4C8EFBC7266428E5009274B2 /* Challenge.app */,
			);
			name = Products;
			sourceTree = "<group>";
		};
		4C8EFBC9266428E5009274B2 /* Challenge */ = {
			isa = PBXGroup;
			children = (
				4C8EFBCA266428E5009274B2 /* ChallengeApp.swift */,
				4C9AC0912667F84C0051C486 /* Scenes */,
				4C8EFBD3266428E7009274B2 /* Info.plist */,
				4C8EFBD0266428E7009274B2 /* Preview Content */,
				4C8EFBCE266428E7009274B2 /* Assets.xcassets */,
			);
			path = Challenge;
			sourceTree = "<group>";
		};
		4C8EFBD0266428E7009274B2 /* Preview Content */ = {
			isa = PBXGroup;
			children = (
				4C8EFBD1266428E7009274B2 /* Preview Assets.xcassets */,
			);
			path = "Preview Content";
			sourceTree = "<group>";
		};
		4C8EFBE226643121009274B2 /* Fixtures */ = {
			isa = PBXGroup;
			children = (
				4C8EFBE326643266009274B2 /* FruitMock.swift */,
			);
			path = Fixtures;
			sourceTree = "<group>";
		};
		4C9AC0912667F84C0051C486 /* Scenes */ = {
			isa = PBXGroup;
			children = (
				4C9AC0932667F8870051C486 /* Data */,
				4C9AC0A1266811950051C486 /* OnboardingScene */,
				4C9AC0A0266805800051C486 /* InfoScene */,
				4C9AC0922667F8680051C486 /* ListScene */,
				4C9AC09F2668053F0051C486 /* ViewModels */,
				4C9AC09E266805350051C486 /* Views */,
			);
			path = Scenes;
			sourceTree = "<group>";
		};
		4C9AC0922667F8680051C486 /* ListScene */ = {
			isa = PBXGroup;
			children = (
				4C9AC0952667FB7D0051C486 /* Views */,
			);
			path = ListScene;
			sourceTree = "<group>";
		};
		4C9AC0932667F8870051C486 /* Data */ = {
			isa = PBXGroup;
			children = (
				4C8EFBE226643121009274B2 /* Fixtures */,
				4C8EFBDE26642E11009274B2 /* Vitamin.swift */,
				4C8EFBDC26642D61009274B2 /* Fruit.swift */,
				4C9AC08F2667D4A40051C486 /* FruitData.swift */,
				4C9AC09A266804890051C486 /* FruitService.swift */,
				4C9AC09C266804A80051C486 /* DataError.swift */,
			);
			path = Data;
			sourceTree = "<group>";
		};
		4C9AC0952667FB7D0051C486 /* Views */ = {
			isa = PBXGroup;
			children = (
				4C8EFBDA26642C90009274B2 /* ListView.swift */,
			);
			path = Views;
			sourceTree = "<group>";
		};
		4C9AC0972667FBA70051C486 /* Views */ = {
			isa = PBXGroup;
			children = (
				4C8EFBE62664398E009274B2 /* FruitInfoView.swift */,
			);
			path = Views;
			sourceTree = "<group>";
		};
		4C9AC09E266805350051C486 /* Views */ = {
			isa = PBXGroup;
			children = (
				4C8EFBCC266428E5009274B2 /* ContentView.swift */,
			);
			path = Views;
			sourceTree = "<group>";
		};
		4C9AC09F2668053F0051C486 /* ViewModels */ = {
			isa = PBXGroup;
			children = (
				4C9AC098266803FD0051C486 /* ContentViewModel.swift */,
			);
			path = ViewModels;
			sourceTree = "<group>";
		};
		4C9AC0A0266805800051C486 /* InfoScene */ = {
			isa = PBXGroup;
			children = (
				4C9AC0AB266834720051C486 /* ViewModels */,
				4C9AC0972667FBA70051C486 /* Views */,
			);
			path = InfoScene;
			sourceTree = "<group>";
		};
		4C9AC0A1266811950051C486 /* OnboardingScene */ = {
			isa = PBXGroup;
			children = (
				4C9AC0A2266812A30051C486 /* VIews */,
			);
			path = OnboardingScene;
			sourceTree = "<group>";
		};
		4C9AC0A2266812A30051C486 /* VIews */ = {
			isa = PBXGroup;
			children = (
				4C9AC0A3266812B50051C486 /* OnboardingView.swift */,
				4C9AC0A72668201C0051C486 /* PageTabView.swift */,
				4C9AC0A9266823B00051C486 /* ButtonView.swift */,
			);
			path = VIews;
			sourceTree = "<group>";
		};
		4C9AC0AB266834720051C486 /* ViewModels */ = {
			isa = PBXGroup;
			children = (
			);
			path = ViewModels;
			sourceTree = "<group>";
		};
/* End PBXGroup section */

/* Begin PBXNativeTarget section */
		4C8EFBC6266428E5009274B2 /* Challenge */ = {
			isa = PBXNativeTarget;
			buildConfigurationList = 4C8EFBD6266428E7009274B2 /* Build configuration list for PBXNativeTarget "Challenge" */;
			buildPhases = (
				4C8EFBC3266428E5009274B2 /* Sources */,
				4C8EFBC4266428E5009274B2 /* Frameworks */,
				4C8EFBC5266428E5009274B2 /* Resources */,
			);
			buildRules = (
			);
			dependencies = (
			);
			name = Challenge;
			productName = Challenge;
			productReference = 4C8EFBC7266428E5009274B2 /* Challenge.app */;
			productType = "com.apple.product-type.application";
		};
/* End PBXNativeTarget section */

/* Begin PBXProject section */
		4C8EFBBF266428E5009274B2 /* Project object */ = {
			isa = PBXProject;
			attributes = {
				LastSwiftUpdateCheck = 1250;
				LastUpgradeCheck = 1250;
				TargetAttributes = {
					4C8EFBC6266428E5009274B2 = {
						CreatedOnToolsVersion = 12.5;
					};
				};
			};
			buildConfigurationList = 4C8EFBC2266428E5009274B2 /* Build configuration list for PBXProject "Challenge" */;
			compatibilityVersion = "Xcode 9.3";
			developmentRegion = en;
			hasScannedForEncodings = 0;
			knownRegions = (
				en,
				Base,
			);
			mainGroup = 4C8EFBBE266428E5009274B2;
			productRefGroup = 4C8EFBC8266428E5009274B2 /* Products */;
			projectDirPath = "";
			projectRoot = "";
			targets = (
				4C8EFBC6266428E5009274B2 /* Challenge */,
			);
		};
/* End PBXProject section */

/* Begin PBXResourcesBuildPhase section */
		4C8EFBC5266428E5009274B2 /* Resources */ = {
			isa = PBXResourcesBuildPhase;
			buildActionMask = 2147483647;
			files = (
				4C8EFBD2266428E7009274B2 /* Preview Assets.xcassets in Resources */,
				4C8EFBCF266428E7009274B2 /* Assets.xcassets in Resources */,
			);
			runOnlyForDeploymentPostprocessing = 0;
		};
/* End PBXResourcesBuildPhase section */

/* Begin PBXSourcesBuildPhase section */
		4C8EFBC3266428E5009274B2 /* Sources */ = {
			isa = PBXSourcesBuildPhase;
			buildActionMask = 2147483647;
			files = (
				4C8EFBDD26642D61009274B2 /* Fruit.swift in Sources */,
				4C8EFBCD266428E5009274B2 /* ContentView.swift in Sources */,
				4C8EFBE72664398E009274B2 /* FruitInfoView.swift in Sources */,
				4C8EFBDF26642E11009274B2 /* Vitamin.swift in Sources */,
				4C9AC0A82668201C0051C486 /* PageTabView.swift in Sources */,
				4C9AC09B266804890051C486 /* FruitService.swift in Sources */,
				4C9AC0AA266823B00051C486 /* ButtonView.swift in Sources */,
				4C8EFBE426643266009274B2 /* FruitMock.swift in Sources */,
				4C9AC099266803FD0051C486 /* ContentViewModel.swift in Sources */,
				4C8EFBDB26642C90009274B2 /* ListView.swift in Sources */,
				4C9AC09D266804A80051C486 /* DataError.swift in Sources */,
				4C9AC0A4266812B50051C486 /* OnboardingView.swift in Sources */,
				4C8EFBCB266428E5009274B2 /* ChallengeApp.swift in Sources */,
				4C9AC0902667D4A40051C486 /* FruitData.swift in Sources */,
			);
			runOnlyForDeploymentPostprocessing = 0;
		};
/* End PBXSourcesBuildPhase section */

/* Begin XCBuildConfiguration section */
		4C8EFBD4266428E7009274B2 /* Debug */ = {
			isa = XCBuildConfiguration;
			buildSettings = {
				ALWAYS_SEARCH_USER_PATHS = NO;
				CLANG_ANALYZER_NONNULL = YES;
				CLANG_ANALYZER_NUMBER_OBJECT_CONVERSION = YES_AGGRESSIVE;
				CLANG_CXX_LANGUAGE_STANDARD = "gnu++14";
				CLANG_CXX_LIBRARY = "libc++";
				CLANG_ENABLE_MODULES = YES;
				CLANG_ENABLE_OBJC_ARC = YES;
				CLANG_ENABLE_OBJC_WEAK = YES;
				CLANG_WARN_BLOCK_CAPTURE_AUTORELEASING = YES;
				CLANG_WARN_BOOL_CONVERSION = YES;
				CLANG_WARN_COMMA = YES;
				CLANG_WARN_CONSTANT_CONVERSION = YES;
				CLANG_WARN_DEPRECATED_OBJC_IMPLEMENTATIONS = YES;
				CLANG_WARN_DIRECT_OBJC_ISA_USAGE = YES_ERROR;
				CLANG_WARN_DOCUMENTATION_COMMENTS = YES;
				CLANG_WARN_EMPTY_BODY = YES;
				CLANG_WARN_ENUM_CONVERSION = YES;
				CLANG_WARN_INFINITE_RECURSION = YES;
				CLANG_WARN_INT_CONVERSION = YES;
				CLANG_WARN_NON_LITERAL_NULL_CONVERSION = YES;
				CLANG_WARN_OBJC_IMPLICIT_RETAIN_SELF = YES;
				CLANG_WARN_OBJC_LITERAL_CONVERSION = YES;
				CLANG_WARN_OBJC_ROOT_CLASS = YES_ERROR;
				CLANG_WARN_QUOTED_INCLUDE_IN_FRAMEWORK_HEADER = YES;
				CLANG_WARN_RANGE_LOOP_ANALYSIS = YES;
				CLANG_WARN_STRICT_PROTOTYPES = YES;
				CLANG_WARN_SUSPICIOUS_MOVE = YES;
				CLANG_WARN_UNGUARDED_AVAILABILITY = YES_AGGRESSIVE;
				CLANG_WARN_UNREACHABLE_CODE = YES;
				CLANG_WARN__DUPLICATE_METHOD_MATCH = YES;
				COPY_PHASE_STRIP = NO;
				DEBUG_INFORMATION_FORMAT = dwarf;
				ENABLE_STRICT_OBJC_MSGSEND = YES;
				ENABLE_TESTABILITY = YES;
				GCC_C_LANGUAGE_STANDARD = gnu11;
				GCC_DYNAMIC_NO_PIC = NO;
				GCC_NO_COMMON_BLOCKS = YES;
				GCC_OPTIMIZATION_LEVEL = 0;
				GCC_PREPROCESSOR_DEFINITIONS = (
					"DEBUG=1",
					"$(inherited)",
				);
				GCC_WARN_64_TO_32_BIT_CONVERSION = YES;
				GCC_WARN_ABOUT_RETURN_TYPE = YES_ERROR;
				GCC_WARN_UNDECLARED_SELECTOR = YES;
				GCC_WARN_UNINITIALIZED_AUTOS = YES_AGGRESSIVE;
				GCC_WARN_UNUSED_FUNCTION = YES;
				GCC_WARN_UNUSED_VARIABLE = YES;
				IPHONEOS_DEPLOYMENT_TARGET = 14.5;
				MTL_ENABLE_DEBUG_INFO = INCLUDE_SOURCE;
				MTL_FAST_MATH = YES;
				ONLY_ACTIVE_ARCH = YES;
				SDKROOT = iphoneos;
				SWIFT_ACTIVE_COMPILATION_CONDITIONS = DEBUG;
				SWIFT_OPTIMIZATION_LEVEL = "-Onone";
			};
			name = Debug;
		};
		4C8EFBD5266428E7009274B2 /* Release */ = {
			isa = XCBuildConfiguration;
			buildSettings = {
				ALWAYS_SEARCH_USER_PATHS = NO;
				CLANG_ANALYZER_NONNULL = YES;
				CLANG_ANALYZER_NUMBER_OBJECT_CONVERSION = YES_AGGRESSIVE;
				CLANG_CXX_LANGUAGE_STANDARD = "gnu++14";
				CLANG_CXX_LIBRARY = "libc++";
				CLANG_ENABLE_MODULES = YES;
				CLANG_ENABLE_OBJC_ARC = YES;
				CLANG_ENABLE_OBJC_WEAK = YES;
				CLANG_WARN_BLOCK_CAPTURE_AUTORELEASING = YES;
				CLANG_WARN_BOOL_CONVERSION = YES;
				CLANG_WARN_COMMA = YES;
				CLANG_WARN_CONSTANT_CONVERSION = YES;
				CLANG_WARN_DEPRECATED_OBJC_IMPLEMENTATIONS = YES;
				CLANG_WARN_DIRECT_OBJC_ISA_USAGE = YES_ERROR;
				CLANG_WARN_DOCUMENTATION_COMMENTS = YES;
				CLANG_WARN_EMPTY_BODY = YES;
				CLANG_WARN_ENUM_CONVERSION = YES;
				CLANG_WARN_INFINITE_RECURSION = YES;
				CLANG_WARN_INT_CONVERSION = YES;
				CLANG_WARN_NON_LITERAL_NULL_CONVERSION = YES;
				CLANG_WARN_OBJC_IMPLICIT_RETAIN_SELF = YES;
				CLANG_WARN_OBJC_LITERAL_CONVERSION = YES;
				CLANG_WARN_OBJC_ROOT_CLASS = YES_ERROR;
				CLANG_WARN_QUOTED_INCLUDE_IN_FRAMEWORK_HEADER = YES;
				CLANG_WARN_RANGE_LOOP_ANALYSIS = YES;
				CLANG_WARN_STRICT_PROTOTYPES = YES;
				CLANG_WARN_SUSPICIOUS_MOVE = YES;
				CLANG_WARN_UNGUARDED_AVAILABILITY = YES_AGGRESSIVE;
				CLANG_WARN_UNREACHABLE_CODE = YES;
				CLANG_WARN__DUPLICATE_METHOD_MATCH = YES;
				COPY_PHASE_STRIP = NO;
				DEBUG_INFORMATION_FORMAT = "dwarf-with-dsym";
				ENABLE_NS_ASSERTIONS = NO;
				ENABLE_STRICT_OBJC_MSGSEND = YES;
				GCC_C_LANGUAGE_STANDARD = gnu11;
				GCC_NO_COMMON_BLOCKS = YES;
				GCC_WARN_64_TO_32_BIT_CONVERSION = YES;
				GCC_WARN_ABOUT_RETURN_TYPE = YES_ERROR;
				GCC_WARN_UNDECLARED_SELECTOR = YES;
				GCC_WARN_UNINITIALIZED_AUTOS = YES_AGGRESSIVE;
				GCC_WARN_UNUSED_FUNCTION = YES;
				GCC_WARN_UNUSED_VARIABLE = YES;
				IPHONEOS_DEPLOYMENT_TARGET = 14.5;
				MTL_ENABLE_DEBUG_INFO = NO;
				MTL_FAST_MATH = YES;
				SDKROOT = iphoneos;
				SWIFT_COMPILATION_MODE = wholemodule;
				SWIFT_OPTIMIZATION_LEVEL = "-O";
				VALIDATE_PRODUCT = YES;
			};
			name = Release;
		};
		4C8EFBD7266428E7009274B2 /* Debug */ = {
			isa = XCBuildConfiguration;
			buildSettings = {
				ASSETCATALOG_COMPILER_APPICON_NAME = AppIcon;
				ASSETCATALOG_COMPILER_GLOBAL_ACCENT_COLOR_NAME = AccentColor;
				CODE_SIGN_STYLE = Automatic;
				DEVELOPMENT_ASSET_PATHS = "\"Challenge/Preview Content\"";
				DEVELOPMENT_TEAM = H7BM7N56V5;
				ENABLE_PREVIEWS = YES;
				INFOPLIST_FILE = Challenge/Info.plist;
				IPHONEOS_DEPLOYMENT_TARGET = 14.0;
				LD_RUNPATH_SEARCH_PATHS = (
					"$(inherited)",
					"@executable_path/Frameworks",
				);
				PRODUCT_BUNDLE_IDENTIFIER = vcoutasso.Challenge;
				PRODUCT_NAME = "$(TARGET_NAME)";
				SWIFT_VERSION = 5.0;
				TARGETED_DEVICE_FAMILY = "1,2";
			};
			name = Debug;
		};
		4C8EFBD8266428E7009274B2 /* Release */ = {
			isa = XCBuildConfiguration;
			buildSettings = {
				ASSETCATALOG_COMPILER_APPICON_NAME = AppIcon;
				ASSETCATALOG_COMPILER_GLOBAL_ACCENT_COLOR_NAME = AccentColor;
				CODE_SIGN_STYLE = Automatic;
				DEVELOPMENT_ASSET_PATHS = "\"Challenge/Preview Content\"";
				DEVELOPMENT_TEAM = H7BM7N56V5;
				ENABLE_PREVIEWS = YES;
				INFOPLIST_FILE = Challenge/Info.plist;
				IPHONEOS_DEPLOYMENT_TARGET = 14.0;
				LD_RUNPATH_SEARCH_PATHS = (
					"$(inherited)",
					"@executable_path/Frameworks",
				);
				PRODUCT_BUNDLE_IDENTIFIER = vcoutasso.Challenge;
				PRODUCT_NAME = "$(TARGET_NAME)";
				SWIFT_VERSION = 5.0;
				TARGETED_DEVICE_FAMILY = "1,2";
			};
			name = Release;
		};
/* End XCBuildConfiguration section */

/* Begin XCConfigurationList section */
		4C8EFBC2266428E5009274B2 /* Build configuration list for PBXProject "Challenge" */ = {
			isa = XCConfigurationList;
			buildConfigurations = (
				4C8EFBD4266428E7009274B2 /* Debug */,
				4C8EFBD5266428E7009274B2 /* Release */,
			);
			defaultConfigurationIsVisible = 0;
			defaultConfigurationName = Release;
		};
		4C8EFBD6266428E7009274B2 /* Build configuration list for PBXNativeTarget "Challenge" */ = {
			isa = XCConfigurationList;
			buildConfigurations = (
				4C8EFBD7266428E7009274B2 /* Debug */,
				4C8EFBD8266428E7009274B2 /* Release */,
			);
			defaultConfigurationIsVisible = 0;
			defaultConfigurationName = Release;
		};
/* End XCConfigurationList section */
	};
	rootObject = 4C8EFBBF266428E5009274B2 /* Project object */;
}
